
Microsoft Visual Studio Solution File, Format Version 12.00
# Visual Studio Version 17
VisualStudioVersion = 17.8.34322.80
MinimumVisualStudioVersion = 10.0.40219.1
Project("{9A19103F-16F7-4668-BE54-9A1E7A4F7556}") = "DesignPatterns.FactoryMethod", "DesignPatterns.FactoryMethod\DesignPatterns.FactoryMethod.csproj", "{BB61A5A8-3D40-495D-ABBC-C38B9A72318C}"
EndProject
Project("{9A19103F-16F7-4668-BE54-9A1E7A4F7556}") = "DesignPatterns.AbstractFactory", "DesignPatterns.AbstractFactory\DesignPatterns.AbstractFactory.csproj", "{430660F5-D007-454B-A7CD-3E96B2B483F3}"
EndProject
Project("{9A19103F-16F7-4668-BE54-9A1E7A4F7556}") = "DesignPatterns.Builder", "DesignPatterns.Builder\DesignPatterns.Builder.csproj", "{7BB86F7F-2D92-4DD0-A660-8BFD51FB33CC}"
EndProject
Project("{9A19103F-16F7-4668-BE54-9A1E7A4F7556}") = "DesignPatterns.Prototype", "DesignPatterns.Prototype\DesignPatterns.Prototype.csproj", "{D54ADBF0-EA6D-4693-B3F1-FB626B1F0472}"
EndProject
Project("{9A19103F-16F7-4668-BE54-9A1E7A4F7556}") = "DesignPatterns.Singleton", "DesignPatterns.Singleton\DesignPatterns.Singleton.csproj", "{4FB41F1E-EBE1-4BD7-8AE4-863DF0E55686}"
EndProject
Project("{2150E333-8FDC-42A3-9474-1A3956D46DE8}") = "Criacional", "Criacional", "{8876A365-0E8C-4944-8F4E-05E75914A4ED}"
EndProject
Project("{2150E333-8FDC-42A3-9474-1A3956D46DE8}") = "Estrutural", "Estrutural", "{435A7BD9-56CF-4F85-AD64-DCC8FF4CAE74}"
EndProject
Project("{9A19103F-16F7-4668-BE54-9A1E7A4F7556}") = "DesignPatterns.Adapter", "DesignPatterns.Adapter\DesignPatterns.Adapter.csproj", "{0DB98DF6-854E-4DD5-A0ED-C225D9AC2461}"
EndProject
Project("{9A19103F-16F7-4668-BE54-9A1E7A4F7556}") = "DesignPatterns.Bridge", "DesignPatterns.Bridge\DesignPatterns.Bridge.csproj", "{E2081050-2299-42D1-8B97-D2EA4622BF98}"
EndProject
Project("{9A19103F-16F7-4668-BE54-9A1E7A4F7556}") = "DesignPatterns.Composite", "DesignPatterns.Composite\DesignPatterns.Composite.csproj", "{0C8030AD-83F1-48AC-8295-67D528689767}"
EndProject
Project("{9A19103F-16F7-4668-BE54-9A1E7A4F7556}") = "DesignPatterns.Decorator", "DesignPatterns.Decorator\DesignPatterns.Decorator.csproj", "{1FC58D91-148B-444B-9C84-C64B7649CD66}"
EndProject
Project("{9A19103F-16F7-4668-BE54-9A1E7A4F7556}") = "DesignPatterns.Facade", "DesignPatterns.Facade\DesignPatterns.Facade.csproj", "{5F70FA3F-9F7A-42D3-AA2C-3E2FFC6A0068}"
EndProject
Project("{9A19103F-16F7-4668-BE54-9A1E7A4F7556}") = "DesignPatterns.Flyweight", "DesignPatterns.Flyweight\DesignPatterns.Flyweight.csproj", "{508F7458-2440-4836-8279-A845D3105D6A}"
EndProject
Project("{9A19103F-16F7-4668-BE54-9A1E7A4F7556}") = "DesignPatterns.Proxy", "DesignPatterns.Proxy\DesignPatterns.Proxy.csproj", "{16223074-A350-4535-AE81-2761783B82D7}"
EndProject
Project("{2150E333-8FDC-42A3-9474-1A3956D46DE8}") = "Comportamental", "Comportamental", "{6039EC1A-429F-4D05-A6D7-B738099AC6A0}"
EndProject
Project("{FAE04EC0-301F-11D3-BF4B-00C04F79EFBC}") = "DesignPatterns.TemplateMethod", "DesignPatterns.TemplateMethod\DesignPatterns.TemplateMethod.csproj", "{BE3AA73B-8FE1-4D5D-9272-CA4E8E16B1D6}"
EndProject
Project("{FAE04EC0-301F-11D3-BF4B-00C04F79EFBC}") = "DesignPatterns.ChainOfResponsibility", "DesignPatterns.ChainOfResponsibility\DesignPatterns.ChainOfResponsibility.csproj", "{79BB4684-FC66-4D23-A79D-EFC40398C7D4}"
EndProject
Global
	GlobalSection(SolutionConfigurationPlatforms) = preSolution
		Debug|Any CPU = Debug|Any CPU
		Release|Any CPU = Release|Any CPU
	EndGlobalSection
	GlobalSection(ProjectConfigurationPlatforms) = postSolution
		{BB61A5A8-3D40-495D-ABBC-C38B9A72318C}.Debug|Any CPU.ActiveCfg = Debug|Any CPU
		{BB61A5A8-3D40-495D-ABBC-C38B9A72318C}.Debug|Any CPU.Build.0 = Debug|Any CPU
		{BB61A5A8-3D40-495D-ABBC-C38B9A72318C}.Release|Any CPU.ActiveCfg = Release|Any CPU
		{BB61A5A8-3D40-495D-ABBC-C38B9A72318C}.Release|Any CPU.Build.0 = Release|Any CPU
		{430660F5-D007-454B-A7CD-3E96B2B483F3}.Debug|Any CPU.ActiveCfg = Debug|Any CPU
		{430660F5-D007-454B-A7CD-3E96B2B483F3}.Debug|Any CPU.Build.0 = Debug|Any CPU
		{430660F5-D007-454B-A7CD-3E96B2B483F3}.Release|Any CPU.ActiveCfg = Release|Any CPU
		{430660F5-D007-454B-A7CD-3E96B2B483F3}.Release|Any CPU.Build.0 = Release|Any CPU
		{7BB86F7F-2D92-4DD0-A660-8BFD51FB33CC}.Debug|Any CPU.ActiveCfg = Debug|Any CPU
		{7BB86F7F-2D92-4DD0-A660-8BFD51FB33CC}.Debug|Any CPU.Build.0 = Debug|Any CPU
		{7BB86F7F-2D92-4DD0-A660-8BFD51FB33CC}.Release|Any CPU.ActiveCfg = Release|Any CPU
		{7BB86F7F-2D92-4DD0-A660-8BFD51FB33CC}.Release|Any CPU.Build.0 = Release|Any CPU
		{D54ADBF0-EA6D-4693-B3F1-FB626B1F0472}.Debug|Any CPU.ActiveCfg = Debug|Any CPU
		{D54ADBF0-EA6D-4693-B3F1-FB626B1F0472}.Debug|Any CPU.Build.0 = Debug|Any CPU
		{D54ADBF0-EA6D-4693-B3F1-FB626B1F0472}.Release|Any CPU.ActiveCfg = Release|Any CPU
		{D54ADBF0-EA6D-4693-B3F1-FB626B1F0472}.Release|Any CPU.Build.0 = Release|Any CPU
		{4FB41F1E-EBE1-4BD7-8AE4-863DF0E55686}.Debug|Any CPU.ActiveCfg = Debug|Any CPU
		{4FB41F1E-EBE1-4BD7-8AE4-863DF0E55686}.Debug|Any CPU.Build.0 = Debug|Any CPU
		{4FB41F1E-EBE1-4BD7-8AE4-863DF0E55686}.Release|Any CPU.ActiveCfg = Release|Any CPU
		{4FB41F1E-EBE1-4BD7-8AE4-863DF0E55686}.Release|Any CPU.Build.0 = Release|Any CPU
		{0DB98DF6-854E-4DD5-A0ED-C225D9AC2461}.Debug|Any CPU.ActiveCfg = Debug|Any CPU
		{0DB98DF6-854E-4DD5-A0ED-C225D9AC2461}.Debug|Any CPU.Build.0 = Debug|Any CPU
		{0DB98DF6-854E-4DD5-A0ED-C225D9AC2461}.Release|Any CPU.ActiveCfg = Release|Any CPU
		{0DB98DF6-854E-4DD5-A0ED-C225D9AC2461}.Release|Any CPU.Build.0 = Release|Any CPU
		{E2081050-2299-42D1-8B97-D2EA4622BF98}.Debug|Any CPU.ActiveCfg = Debug|Any CPU
		{E2081050-2299-42D1-8B97-D2EA4622BF98}.Debug|Any CPU.Build.0 = Debug|Any CPU
		{E2081050-2299-42D1-8B97-D2EA4622BF98}.Release|Any CPU.ActiveCfg = Release|Any CPU
		{E2081050-2299-42D1-8B97-D2EA4622BF98}.Release|Any CPU.Build.0 = Release|Any CPU
		{0C8030AD-83F1-48AC-8295-67D528689767}.Debug|Any CPU.ActiveCfg = Debug|Any CPU
		{0C8030AD-83F1-48AC-8295-67D528689767}.Debug|Any CPU.Build.0 = Debug|Any CPU
		{0C8030AD-83F1-48AC-8295-67D528689767}.Release|Any CPU.ActiveCfg = Release|Any CPU
		{0C8030AD-83F1-48AC-8295-67D528689767}.Release|Any CPU.Build.0 = Release|Any CPU
		{1FC58D91-148B-444B-9C84-C64B7649CD66}.Debug|Any CPU.ActiveCfg = Debug|Any CPU
		{1FC58D91-148B-444B-9C84-C64B7649CD66}.Debug|Any CPU.Build.0 = Debug|Any CPU
		{1FC58D91-148B-444B-9C84-C64B7649CD66}.Release|Any CPU.ActiveCfg = Release|Any CPU
		{1FC58D91-148B-444B-9C84-C64B7649CD66}.Release|Any CPU.Build.0 = Release|Any CPU
		{5F70FA3F-9F7A-42D3-AA2C-3E2FFC6A0068}.Debug|Any CPU.ActiveCfg = Debug|Any CPU
		{5F70FA3F-9F7A-42D3-AA2C-3E2FFC6A0068}.Debug|Any CPU.Build.0 = Debug|Any CPU
		{5F70FA3F-9F7A-42D3-AA2C-3E2FFC6A0068}.Release|Any CPU.ActiveCfg = Release|Any CPU
		{5F70FA3F-9F7A-42D3-AA2C-3E2FFC6A0068}.Release|Any CPU.Build.0 = Release|Any CPU
		{508F7458-2440-4836-8279-A845D3105D6A}.Debug|Any CPU.ActiveCfg = Debug|Any CPU
		{508F7458-2440-4836-8279-A845D3105D6A}.Debug|Any CPU.Build.0 = Debug|Any CPU
		{508F7458-2440-4836-8279-A845D3105D6A}.Release|Any CPU.ActiveCfg = Release|Any CPU
		{508F7458-2440-4836-8279-A845D3105D6A}.Release|Any CPU.Build.0 = Release|Any CPU
		{16223074-A350-4535-AE81-2761783B82D7}.Debug|Any CPU.ActiveCfg = Debug|Any CPU
		{16223074-A350-4535-AE81-2761783B82D7}.Debug|Any CPU.Build.0 = Debug|Any CPU
		{16223074-A350-4535-AE81-2761783B82D7}.Release|Any CPU.ActiveCfg = Release|Any CPU
		{16223074-A350-4535-AE81-2761783B82D7}.Release|Any CPU.Build.0 = Release|Any CPU
		{BE3AA73B-8FE1-4D5D-9272-CA4E8E16B1D6}.Debug|Any CPU.ActiveCfg = Debug|Any CPU
		{BE3AA73B-8FE1-4D5D-9272-CA4E8E16B1D6}.Debug|Any CPU.Build.0 = Debug|Any CPU
		{BE3AA73B-8FE1-4D5D-9272-CA4E8E16B1D6}.Release|Any CPU.ActiveCfg = Release|Any CPU
		{BE3AA73B-8FE1-4D5D-9272-CA4E8E16B1D6}.Release|Any CPU.Build.0 = Release|Any CPU
		{79BB4684-FC66-4D23-A79D-EFC40398C7D4}.Debug|Any CPU.ActiveCfg = Debug|Any CPU
		{79BB4684-FC66-4D23-A79D-EFC40398C7D4}.Debug|Any CPU.Build.0 = Debug|Any CPU
		{79BB4684-FC66-4D23-A79D-EFC40398C7D4}.Release|Any CPU.ActiveCfg = Release|Any CPU
		{79BB4684-FC66-4D23-A79D-EFC40398C7D4}.Release|Any CPU.Build.0 = Release|Any CPU
	EndGlobalSection
	GlobalSection(SolutionProperties) = preSolution
		HideSolutionNode = FALSE
	EndGlobalSection
	GlobalSection(NestedProjects) = preSolution
		{BB61A5A8-3D40-495D-ABBC-C38B9A72318C} = {8876A365-0E8C-4944-8F4E-05E75914A4ED}
		{430660F5-D007-454B-A7CD-3E96B2B483F3} = {8876A365-0E8C-4944-8F4E-05E75914A4ED}
		{7BB86F7F-2D92-4DD0-A660-8BFD51FB33CC} = {8876A365-0E8C-4944-8F4E-05E75914A4ED}
		{D54ADBF0-EA6D-4693-B3F1-FB626B1F0472} = {8876A365-0E8C-4944-8F4E-05E75914A4ED}
		{4FB41F1E-EBE1-4BD7-8AE4-863DF0E55686} = {8876A365-0E8C-4944-8F4E-05E75914A4ED}
		{0DB98DF6-854E-4DD5-A0ED-C225D9AC2461} = {435A7BD9-56CF-4F85-AD64-DCC8FF4CAE74}
		{E2081050-2299-42D1-8B97-D2EA4622BF98} = {435A7BD9-56CF-4F85-AD64-DCC8FF4CAE74}
		{0C8030AD-83F1-48AC-8295-67D528689767} = {435A7BD9-56CF-4F85-AD64-DCC8FF4CAE74}
		{1FC58D91-148B-444B-9C84-C64B7649CD66} = {435A7BD9-56CF-4F85-AD64-DCC8FF4CAE74}
		{5F70FA3F-9F7A-42D3-AA2C-3E2FFC6A0068} = {435A7BD9-56CF-4F85-AD64-DCC8FF4CAE74}
		{508F7458-2440-4836-8279-A845D3105D6A} = {435A7BD9-56CF-4F85-AD64-DCC8FF4CAE74}
		{16223074-A350-4535-AE81-2761783B82D7} = {435A7BD9-56CF-4F85-AD64-DCC8FF4CAE74}
		{BE3AA73B-8FE1-4D5D-9272-CA4E8E16B1D6} = {6039EC1A-429F-4D05-A6D7-B738099AC6A0}
		{79BB4684-FC66-4D23-A79D-EFC40398C7D4} = {6039EC1A-429F-4D05-A6D7-B738099AC6A0}
	EndGlobalSection
	GlobalSection(ExtensibilityGlobals) = postSolution
		SolutionGuid = {8024AEAA-C816-49A5-B1A2-613D14F79858}
	EndGlobalSection
EndGlobal
